
Microsoft Visual Studio Solution File, Format Version 12.00
# Visual Studio 2012
Project("{FAE04EC0-301F-11D3-BF4B-00C04F79EFBC}") = "DiscoverWindowsPhoneTools1", "DiscoverWindowsPhoneTools1\DiscoverWindowsPhoneTools1.csproj", "{6E0F63F7-5361-4D85-961F-3EFEDDC637C3}"
EndProject
Global
	GlobalSection(SolutionConfigurationPlatforms) = preSolution
		Debug|Any CPU = Debug|Any CPU
		Release|Any CPU = Release|Any CPU
	EndGlobalSection
	GlobalSection(ProjectConfigurationPlatforms) = postSolution
		{6E0F63F7-5361-4D85-961F-3EFEDDC637C3}.Debug|Any CPU.ActiveCfg = Debug|Any CPU
		{6E0F63F7-5361-4D85-961F-3EFEDDC637C3}.Debug|Any CPU.Build.0 = Debug|Any CPU
		{6E0F63F7-5361-4D85-961F-3EFEDDC637C3}.Release|Any CPU.ActiveCfg = Release|Any CPU
		{6E0F63F7-5361-4D85-961F-3EFEDDC637C3}.Release|Any CPU.Build.0 = Release|Any CPU
	EndGlobalSection
	GlobalSection(SolutionProperties) = preSolution
		HideSolutionNode = FALSE
	EndGlobalSection
EndGlobal
