<?xml version="1.0" encoding="utf-8"?>
<Project ToolsVersion="4.0" xmlns="http://schemas.microsoft.com/developer/msbuild/2003">
  <ItemGroup>
    <Filter Include="Common">
      <UniqueIdentifier>8fd06dab-7889-4abc-8cf7-86134d7d50ac</UniqueIdentifier>
    </Filter>
    <Filter Include="Assets">
      <UniqueIdentifier>4ec77bf6-3aa5-44ea-90e1-b470fdf1dc2c</UniqueIdentifier>
    </Filter>
    <Page Include="Common\StandardStyles.xaml">
      <Filter>Common</Filter>
    </Page>
    <Image Include="Assets\Logo.png">
      <Filter>Assets</Filter>
    </Image>
    <Image Include="Assets\SmallLogo.png">
      <Filter>Assets</Filter>
    </Image>
    <Image Include="Assets\StoreLogo.png">
      <Filter>Assets</Filter>
    </Image>
    <Image Include="Assets\SplashScreen.png">
      <Filter>Assets</Filter>
    </Image>
    <Filter Include="Photos">
      <UniqueIdentifier>{945c7506-c38e-4d4f-8483-f409ec32a6d7}</UniqueIdentifier>
    </Filter>
  </ItemGroup>
  <ItemGroup>
    <ApplicationDefinition Include="App.xaml" />
  </ItemGroup>
  <ItemGroup>
    <ClCompile Include="App.xaml.cpp" />
    <ClCompile Include="MainPage.xaml.cpp" />
    <ClCompile Include="pch.cpp" />
    <ClCompile Include="Common\BindableBase.cpp">
      <Filter>Common</Filter>
    </ClCompile>
    <ClCompile Include="Common\BooleanToVisibilityConverter.cpp">
      <Filter>Common</Filter>
    </ClCompile>
    <ClCompile Include="Common\BooleanNegationConverter.cpp">
      <Filter>Common</Filter>
    </ClCompile>
    <ClCompile Include="Common\LayoutAwarePage.cpp">
      <Filter>Common</Filter>
    </ClCompile>
    <ClCompile Include="Common\RichTextColumns.cpp">
      <Filter>Common</Filter>
    </ClCompile>
    <ClCompile Include="Common\SuspensionManager.cpp">
      <Filter>Common</Filter>
    </ClCompile>
  </ItemGroup>
  <ItemGroup>
    <ClInclude Include="pch.h" />
    <ClInclude Include="App.xaml.h" />
    <ClInclude Include="MainPage.xaml.h" />
    <ClInclude Include="Biz.h" />
    <ClInclude Include="Common\BindableBase.h">
      <Filter>Common</Filter>
    </ClInclude>
    <ClInclude Include="Common\BooleanToVisibilityConverter.h">
      <Filter>Common</Filter>
    </ClInclude>
    <ClInclude Include="Common\BooleanNegationConverter.h">
      <Filter>Common</Filter>
    </ClInclude>
    <ClInclude Include="Common\LayoutAwarePage.h">
      <Filter>Common</Filter>
    </ClInclude>
    <ClInclude Include="Common\RichTextColumns.h">
      <Filter>Common</Filter>
    </ClInclude>
    <ClInclude Include="Common\SuspensionManager.h">
      <Filter>Common</Filter>
    </ClInclude>
  </ItemGroup>
  <ItemGroup>
    <AppxManifest Include="Package.appxmanifest" />
  </ItemGroup>
  <ItemGroup>
    <None Include="MyFirstApp_TemporaryKey.pfx" />
    <None Include="Photos\Thumbs.db">
      <Filter>Photos</Filter>
    </None>
  </ItemGroup>
  <ItemGroup>
    <Page Include="MainPage.xaml" />
    <Page Include="SearchPeople.xaml" />
  </ItemGroup>
  <ItemGroup>
    <Image Include="Photos\01.jpg">
      <Filter>Photos</Filter>
    </Image>
    <Image Include="Photos\02.jpg">
      <Filter>Photos</Filter>
    </Image>
    <Image Include="Photos\03.jpg">
      <Filter>Photos</Filter>
    </Image>
    <Image Include="Photos\04.jpg">
      <Filter>Photos</Filter>
    </Image>
    <Image Include="Photos\05.jpg">
      <Filter>Photos</Filter>
    </Image>
    <Image Include="Photos\06.jpg">
      <Filter>Photos</Filter>
    </Image>
    <Image Include="Photos\07.jpg">
      <Filter>Photos</Filter>
    </Image>
    <Image Include="Photos\08.jpg">
      <Filter>Photos</Filter>
    </Image>
  </ItemGroup>
  <ItemGroup>
    <Text Include="Common\ReadMe.txt">
      <Filter>Common</Filter>
    </Text>
  </ItemGroup>
</Project>